{
    "name": "docker",
    "lockfileVersion": 3,
    "requires": true,
    "packages": {
        "": {
            "name": "docker",
            "dependencies": {
                "@hono/node-server": "^1.14.2",
                "dotenv": "^16.5.0",
                "hono": "^4.7.10"
            }
        },
        "node_modules/@hono/node-server": {
            "version": "1.14.2",
            "license": "MIT",
            "engines": {
                "node": ">=18.14.1"
            },
            "peerDependencies": {
                "hono": "^4"
            }
        },
        "node_modules/dotenv": {
            "version": "16.5.0",
            "license": "BSD-2-Clause",
            "engines": {
                "node": ">=12"
            },
            "funding": {
                "url": "https://dotenvx.com"
            }
        },
        "node_modules/hono": {
            "version": "4.7.10",
            "license": "MIT",
            "engines": {
                "node": ">=16.9.0"
            }
        }
    }
}
