# This file is generated by running "yarn install" inside your project.
# Manual changes might be lost - proceed with caution!

__metadata:
  version: 8
  cacheKey: 10c0

"@hono/node-server@npm:^1.14.2":
  version: 1.14.3
  resolution: "@hono/node-server@npm:1.14.3"
  peerDependencies:
    hono: ^4
  checksum: 10c0/2e873ed38be44bd2499ffd6e592782edd9216475935d992119ad1d3f61f14cb39dc8fe79d1ed5d7d8caeef1d9fd84b36f9715add0b9f98c3d040b5cc9ef872f8
  languageName: node
  linkType: hard

"@neardefi/shade-agent-js@npm:^0.2.0":
  version: 0.2.0
  resolution: "@neardefi/shade-agent-js@npm:0.2.0"
  bin:
    shade-agent-js: cli.js
  checksum: 10c0/49d9ba353a13dcef5555d57d72e5623e2c6ba8e0b4b205a8d4f2687437b31cb1187fdbc54c3022cf493445ff29a8ffac658cf2d2a35abcfc9a08ae0bc51962b2
  languageName: node
  linkType: hard

"docker@workspace:.":
  version: 0.0.0-use.local
  resolution: "docker@workspace:."
  dependencies:
    "@hono/node-server": "npm:^1.14.2"
    "@neardefi/shade-agent-js": "npm:^0.2.0"
    dotenv: "npm:^16.5.0"
    hono: "npm:^4.7.10"
  languageName: unknown
  linkType: soft

"dotenv@npm:^16.5.0":
  version: 16.5.0
  resolution: "dotenv@npm:16.5.0"
  checksum: 10c0/5bc94c919fbd955bf0ba44d33922a1e93d1078e64a1db5c30faeded1d996e7a83c55332cb8ea4fae5a9ca4d0be44cbceb95c5811e70f9f095298df09d1997dd9
  languageName: node
  linkType: hard

"hono@npm:^4.7.10":
  version: 4.7.11
  resolution: "hono@npm:4.7.11"
  checksum: 10c0/2821471b09f2e9f7bab5ad7412e2e44df5f07b7098508d70dd6e368b933580f03a06c30e20dd764b53e0121e1b1ff2132ae98cffa7fd1b286e299f9054effd6a
  languageName: node
  linkType: hard
